
Microsoft Visual Studio Solution File, Format Version 12.00
# Visual Studio 15
VisualStudioVersion = 15.0.27004.2005
MinimumVisualStudioVersion = 10.0.40219.1
Project("{FAE04EC0-301F-11D3-BF4B-00C04F79EFBC}") = "task_console", "task_console\task_console.csproj", "{DD41E9BC-9B8E-4942-A3A3-F60D36E4FA4F}"
EndProject
Project("{FAE04EC0-301F-11D3-BF4B-00C04F79EFBC}") = "ISM_Matrix", "ClassLibrary1\ISM_Matrix.csproj", "{0A7DC45D-E200-43CD-8FDA-CD373D5CC704}"
EndProject
Global
	GlobalSection(SolutionConfigurationPlatforms) = preSolution
		Debug|Any CPU = Debug|Any CPU
		Release|Any CPU = Release|Any CPU
	EndGlobalSection
	GlobalSection(ProjectConfigurationPlatforms) = postSolution
		{DD41E9BC-9B8E-4942-A3A3-F60D36E4FA4F}.Debug|Any CPU.ActiveCfg = Debug|Any CPU
		{DD41E9BC-9B8E-4942-A3A3-F60D36E4FA4F}.Debug|Any CPU.Build.0 = Debug|Any CPU
		{DD41E9BC-9B8E-4942-A3A3-F60D36E4FA4F}.Release|Any CPU.ActiveCfg = Release|Any CPU
		{DD41E9BC-9B8E-4942-A3A3-F60D36E4FA4F}.Release|Any CPU.Build.0 = Release|Any CPU
		{0A7DC45D-E200-43CD-8FDA-CD373D5CC704}.Debug|Any CPU.ActiveCfg = Debug|Any CPU
		{0A7DC45D-E200-43CD-8FDA-CD373D5CC704}.Debug|Any CPU.Build.0 = Debug|Any CPU
		{0A7DC45D-E200-43CD-8FDA-CD373D5CC704}.Release|Any CPU.ActiveCfg = Release|Any CPU
		{0A7DC45D-E200-43CD-8FDA-CD373D5CC704}.Release|Any CPU.Build.0 = Release|Any CPU
	EndGlobalSection
	GlobalSection(SolutionProperties) = preSolution
		HideSolutionNode = FALSE
	EndGlobalSection
	GlobalSection(ExtensibilityGlobals) = postSolution
		SolutionGuid = {BBC61EE9-195D-4E15-A133-C00FBB879BC4}
	EndGlobalSection
EndGlobal
